
Microsoft Visual Studio Solution File, Format Version 12.00
# Visual Studio 15
VisualStudioVersion = 15.0.26430.14
MinimumVisualStudioVersion = 10.0.40219.1
Project("{FAE04EC0-301F-11D3-BF4B-00C04F79EFBC}") = "GFBD.Arr", "GFBD.Arr\GFBD.Arr.csproj", "{E6F6ABA6-3258-48F8-A76C-5E40C9D14D37}"
EndProject
Project("{FAE04EC0-301F-11D3-BF4B-00C04F79EFBC}") = "GFBD.Scripper", "GFBD.Scripper\GFBD.Scripper.csproj", "{5CC2E0D2-D0F3-4F7C-8630-7730FBB7ED81}"
EndProject
Global
	GlobalSection(SolutionConfigurationPlatforms) = preSolution
		Debug|Any CPU = Debug|Any CPU
		Release|Any CPU = Release|Any CPU
	EndGlobalSection
	GlobalSection(ProjectConfigurationPlatforms) = postSolution
		{E6F6ABA6-3258-48F8-A76C-5E40C9D14D37}.Debug|Any CPU.ActiveCfg = Debug|Any CPU
		{E6F6ABA6-3258-48F8-A76C-5E40C9D14D37}.Debug|Any CPU.Build.0 = Debug|Any CPU
		{E6F6ABA6-3258-48F8-A76C-5E40C9D14D37}.Release|Any CPU.ActiveCfg = Release|Any CPU
		{E6F6ABA6-3258-48F8-A76C-5E40C9D14D37}.Release|Any CPU.Build.0 = Release|Any CPU
		{5CC2E0D2-D0F3-4F7C-8630-7730FBB7ED81}.Debug|Any CPU.ActiveCfg = Debug|Any CPU
		{5CC2E0D2-D0F3-4F7C-8630-7730FBB7ED81}.Debug|Any CPU.Build.0 = Debug|Any CPU
		{5CC2E0D2-D0F3-4F7C-8630-7730FBB7ED81}.Release|Any CPU.ActiveCfg = Release|Any CPU
		{5CC2E0D2-D0F3-4F7C-8630-7730FBB7ED81}.Release|Any CPU.Build.0 = Release|Any CPU
	EndGlobalSection
	GlobalSection(SolutionProperties) = preSolution
		HideSolutionNode = FALSE
	EndGlobalSection
EndGlobal
